
Microsoft Visual Studio Solution File, Format Version 12.00
# Visual Studio 2012
Project("{FAE04EC0-301F-11D3-BF4B-00C04F79EFBC}") = "Experiment.Common", "Experiment.Common\Experiment.Common.csproj", "{8A3C0A94-621C-43D6-B0AE-BF819860C14A}"
EndProject
Project("{FAE04EC0-301F-11D3-BF4B-00C04F79EFBC}") = "Experiment.ImplementationI.App", "Experiment.ImplementationI.App\Experiment.ImplementationI.App.csproj", "{A0C2B6DF-AECB-422E-BE55-4872B720FC3E}"
EndProject
Project("{FAE04EC0-301F-11D3-BF4B-00C04F79EFBC}") = "MongoDB.Bson", "MongoDB.Bson\MongoDB.Bson.csproj", "{0E9A3A2A-49CD-4F6C-847C-DC79B4B65CE6}"
EndProject
Project("{FAE04EC0-301F-11D3-BF4B-00C04F79EFBC}") = "MongoDB.Driver", "MongoDB.Driver\MongoDB.Driver.csproj", "{AE5166CD-76B0-4911-BD80-CED9521F37A1}"
EndProject
Project("{FAE04EC0-301F-11D3-BF4B-00C04F79EFBC}") = "MongoDb.Shared", "MongoDb.Shared\MongoDb.Shared.csproj", "{5B7C6B4E-F203-49CB-BD7E-1DFA252D26A3}"
EndProject
Global
	GlobalSection(SolutionConfigurationPlatforms) = preSolution
		Debug|Any CPU = Debug|Any CPU
		Release|Any CPU = Release|Any CPU
	EndGlobalSection
	GlobalSection(ProjectConfigurationPlatforms) = postSolution
		{8A3C0A94-621C-43D6-B0AE-BF819860C14A}.Debug|Any CPU.ActiveCfg = Debug|Any CPU
		{8A3C0A94-621C-43D6-B0AE-BF819860C14A}.Debug|Any CPU.Build.0 = Debug|Any CPU
		{8A3C0A94-621C-43D6-B0AE-BF819860C14A}.Release|Any CPU.ActiveCfg = Release|Any CPU
		{8A3C0A94-621C-43D6-B0AE-BF819860C14A}.Release|Any CPU.Build.0 = Release|Any CPU
		{A0C2B6DF-AECB-422E-BE55-4872B720FC3E}.Debug|Any CPU.ActiveCfg = Debug|Any CPU
		{A0C2B6DF-AECB-422E-BE55-4872B720FC3E}.Debug|Any CPU.Build.0 = Debug|Any CPU
		{A0C2B6DF-AECB-422E-BE55-4872B720FC3E}.Release|Any CPU.ActiveCfg = Release|Any CPU
		{A0C2B6DF-AECB-422E-BE55-4872B720FC3E}.Release|Any CPU.Build.0 = Release|Any CPU
		{0E9A3A2A-49CD-4F6C-847C-DC79B4B65CE6}.Debug|Any CPU.ActiveCfg = Debug|Any CPU
		{0E9A3A2A-49CD-4F6C-847C-DC79B4B65CE6}.Debug|Any CPU.Build.0 = Debug|Any CPU
		{0E9A3A2A-49CD-4F6C-847C-DC79B4B65CE6}.Release|Any CPU.ActiveCfg = Release|Any CPU
		{0E9A3A2A-49CD-4F6C-847C-DC79B4B65CE6}.Release|Any CPU.Build.0 = Release|Any CPU
		{AE5166CD-76B0-4911-BD80-CED9521F37A1}.Debug|Any CPU.ActiveCfg = Debug|Any CPU
		{AE5166CD-76B0-4911-BD80-CED9521F37A1}.Debug|Any CPU.Build.0 = Debug|Any CPU
		{AE5166CD-76B0-4911-BD80-CED9521F37A1}.Release|Any CPU.ActiveCfg = Release|Any CPU
		{AE5166CD-76B0-4911-BD80-CED9521F37A1}.Release|Any CPU.Build.0 = Release|Any CPU
		{5B7C6B4E-F203-49CB-BD7E-1DFA252D26A3}.Debug|Any CPU.ActiveCfg = Debug|Any CPU
		{5B7C6B4E-F203-49CB-BD7E-1DFA252D26A3}.Debug|Any CPU.Build.0 = Debug|Any CPU
		{5B7C6B4E-F203-49CB-BD7E-1DFA252D26A3}.Release|Any CPU.ActiveCfg = Release|Any CPU
		{5B7C6B4E-F203-49CB-BD7E-1DFA252D26A3}.Release|Any CPU.Build.0 = Release|Any CPU
	EndGlobalSection
	GlobalSection(SolutionProperties) = preSolution
		HideSolutionNode = FALSE
	EndGlobalSection
EndGlobal
